
Microsoft Visual Studio Solution File, Format Version 12.00
# Visual Studio 2012
Project("{FAE04EC0-301F-11D3-BF4B-00C04F79EFBC}") = "Solitude.Server", "Solitude.Server\Solitude.Server.csproj", "{FA2C7C80-4F2B-42B1-BDB9-4E5924E63AC2}"
EndProject
Project("{2150E333-8FDC-42A3-9474-1A3956D46DE8}") = "Libraries", "Libraries", "{17813E89-6089-46C1-B0B9-0701DEF247CD}"
EndProject
Project("{FAE04EC0-301F-11D3-BF4B-00C04F79EFBC}") = "GraphDB", "Libraries\GraphDB\GraphDB.csproj", "{E096144E-C6A0-488A-A971-CFEA722CE86A}"
EndProject
Project("{FAE04EC0-301F-11D3-BF4B-00C04F79EFBC}") = "Solitude.Android", "Solitude.Android\Solitude.Android.csproj", "{478310BE-22D3-4A3E-84EC-9716C50834D2}"
EndProject
Project("{FAE04EC0-301F-11D3-BF4B-00C04F79EFBC}") = "Solitude.Android.UITests", "Solitude.Android.UITests\Solitude.Android.UITests.csproj", "{07883476-DB05-43D1-B136-45D956242800}"
EndProject
Global
	GlobalSection(SolutionConfigurationPlatforms) = preSolution
		Debug|x86 = Debug|x86
		Release|x86 = Release|x86
	EndGlobalSection
	GlobalSection(ProjectConfigurationPlatforms) = postSolution
		{07883476-DB05-43D1-B136-45D956242800}.Debug|x86.ActiveCfg = Debug|Any CPU
		{07883476-DB05-43D1-B136-45D956242800}.Debug|x86.Build.0 = Debug|Any CPU
		{07883476-DB05-43D1-B136-45D956242800}.Release|x86.ActiveCfg = Release|Any CPU
		{07883476-DB05-43D1-B136-45D956242800}.Release|x86.Build.0 = Release|Any CPU
		{478310BE-22D3-4A3E-84EC-9716C50834D2}.Debug|x86.ActiveCfg = Debug|Any CPU
		{478310BE-22D3-4A3E-84EC-9716C50834D2}.Debug|x86.Build.0 = Debug|Any CPU
		{478310BE-22D3-4A3E-84EC-9716C50834D2}.Release|x86.ActiveCfg = Release|Any CPU
		{478310BE-22D3-4A3E-84EC-9716C50834D2}.Release|x86.Build.0 = Release|Any CPU
		{E096144E-C6A0-488A-A971-CFEA722CE86A}.Debug|x86.ActiveCfg = Debug|Any CPU
		{E096144E-C6A0-488A-A971-CFEA722CE86A}.Debug|x86.Build.0 = Debug|Any CPU
		{E096144E-C6A0-488A-A971-CFEA722CE86A}.Release|x86.ActiveCfg = Release|Any CPU
		{E096144E-C6A0-488A-A971-CFEA722CE86A}.Release|x86.Build.0 = Release|Any CPU
		{FA2C7C80-4F2B-42B1-BDB9-4E5924E63AC2}.Debug|x86.ActiveCfg = Debug|x86
		{FA2C7C80-4F2B-42B1-BDB9-4E5924E63AC2}.Debug|x86.Build.0 = Debug|x86
		{FA2C7C80-4F2B-42B1-BDB9-4E5924E63AC2}.Release|x86.ActiveCfg = Release|x86
		{FA2C7C80-4F2B-42B1-BDB9-4E5924E63AC2}.Release|x86.Build.0 = Release|x86
	EndGlobalSection
	GlobalSection(NestedProjects) = preSolution
		{E096144E-C6A0-488A-A971-CFEA722CE86A} = {17813E89-6089-46C1-B0B9-0701DEF247CD}
	EndGlobalSection
EndGlobal
