
Microsoft Visual Studio Solution File, Format Version 12.00
# Visual Studio 14
VisualStudioVersion = 14.0.23107.0
MinimumVisualStudioVersion = 10.0.40219.1
Project("{FAE04EC0-301F-11D3-BF4B-00C04F79EFBC}") = "Solitude.Droid", "Solitude.Droid.csproj", "{478310BE-22D3-4A3E-84EC-9716C50834D2}"
EndProject
Project("{FAE04EC0-301F-11D3-BF4B-00C04F79EFBC}") = "Solitude.Android.UITests", "..\Solitude.Android.UITests\Solitude.Android.UITests.csproj", "{07883476-DB05-43D1-B136-45D956242800}"
EndProject
Project("{FAE04EC0-301F-11D3-BF4B-00C04F79EFBC}") = "Model", "..\Libraries\Model\Model.csproj", "{BB5645E2-A303-4B98-9D0F-662EC6B94DDB}"
EndProject
Global
	GlobalSection(SolutionConfigurationPlatforms) = preSolution
		Debug|Any CPU = Debug|Any CPU
		Release|Any CPU = Release|Any CPU
	EndGlobalSection
	GlobalSection(ProjectConfigurationPlatforms) = postSolution
		{478310BE-22D3-4A3E-84EC-9716C50834D2}.Debug|Any CPU.ActiveCfg = Debug|Any CPU
		{478310BE-22D3-4A3E-84EC-9716C50834D2}.Debug|Any CPU.Build.0 = Debug|Any CPU
		{478310BE-22D3-4A3E-84EC-9716C50834D2}.Debug|Any CPU.Deploy.0 = Debug|Any CPU
		{478310BE-22D3-4A3E-84EC-9716C50834D2}.Release|Any CPU.ActiveCfg = Release|Any CPU
		{478310BE-22D3-4A3E-84EC-9716C50834D2}.Release|Any CPU.Build.0 = Release|Any CPU
		{07883476-DB05-43D1-B136-45D956242800}.Debug|Any CPU.ActiveCfg = Debug|Any CPU
		{07883476-DB05-43D1-B136-45D956242800}.Debug|Any CPU.Build.0 = Debug|Any CPU
		{07883476-DB05-43D1-B136-45D956242800}.Release|Any CPU.ActiveCfg = Release|Any CPU
		{07883476-DB05-43D1-B136-45D956242800}.Release|Any CPU.Build.0 = Release|Any CPU
		{BB5645E2-A303-4B98-9D0F-662EC6B94DDB}.Debug|Any CPU.ActiveCfg = Debug|Any CPU
		{BB5645E2-A303-4B98-9D0F-662EC6B94DDB}.Debug|Any CPU.Build.0 = Debug|Any CPU
		{BB5645E2-A303-4B98-9D0F-662EC6B94DDB}.Release|Any CPU.ActiveCfg = Release|Any CPU
		{BB5645E2-A303-4B98-9D0F-662EC6B94DDB}.Release|Any CPU.Build.0 = Release|Any CPU
	EndGlobalSection
	GlobalSection(SolutionProperties) = preSolution
		HideSolutionNode = FALSE
	EndGlobalSection
	GlobalSection(MonoDevelopProperties) = preSolution
		Policies = $0
		$0.TextStylePolicy = $1
		$1.TabsToSpaces = False
		$1.EolMarker = Unix
		$1.inheritsSet = VisualStudio
		$1.inheritsScope = text/plain
		$1.scope = text/x-csharp
		$0.CSharpFormattingPolicy = $2
		$2.IndentSwitchBody = True
		$2.IndentBlocksInsideExpressions = True
		$2.AnonymousMethodBraceStyle = NextLine
		$2.PropertyBraceStyle = NextLine
		$2.PropertyGetBraceStyle = NextLine
		$2.PropertySetBraceStyle = NextLine
		$2.EventBraceStyle = NextLine
		$2.EventAddBraceStyle = NextLine
		$2.EventRemoveBraceStyle = NextLine
		$2.StatementBraceStyle = NextLine
		$2.ElseNewLinePlacement = NewLine
		$2.CatchNewLinePlacement = NewLine
		$2.FinallyNewLinePlacement = NewLine
		$2.WhileNewLinePlacement = DoNotCare
		$2.ArrayInitializerWrapping = DoNotChange
		$2.ArrayInitializerBraceStyle = NextLine
		$2.BeforeMethodDeclarationParentheses = False
		$2.BeforeMethodCallParentheses = False
		$2.BeforeConstructorDeclarationParentheses = False
		$2.NewLineBeforeConstructorInitializerColon = NewLine
		$2.NewLineAfterConstructorInitializerColon = SameLine
		$2.BeforeDelegateDeclarationParentheses = False
		$2.NewParentheses = False
		$2.SpacesBeforeBrackets = False
		$2.inheritsSet = Mono
		$2.inheritsScope = text/x-csharp
		$2.scope = text/x-csharp
	EndGlobalSection
EndGlobal
