
Microsoft Visual Studio Solution File, Format Version 11.00
# Visual Studio 2010
Project("{FAE04EC0-301F-11D3-BF4B-00C04F79EFBC}") = "Match", "Match.csproj", "{4E5211D5-13B8-4AD7-BF88-CBE6E9C1CCEF}"
EndProject
Global
	GlobalSection(SolutionConfigurationPlatforms) = preSolution
		Debug|Any CPU = Debug|Any CPU
		Release|Any CPU = Release|Any CPU
	EndGlobalSection
	GlobalSection(ProjectConfigurationPlatforms) = postSolution
		{4E5211D5-13B8-4AD7-BF88-CBE6E9C1CCEF}.Debug|Any CPU.ActiveCfg = Debug|Any CPU
		{4E5211D5-13B8-4AD7-BF88-CBE6E9C1CCEF}.Debug|Any CPU.Build.0 = Debug|Any CPU
		{4E5211D5-13B8-4AD7-BF88-CBE6E9C1CCEF}.Release|Any CPU.ActiveCfg = Release|Any CPU
		{4E5211D5-13B8-4AD7-BF88-CBE6E9C1CCEF}.Release|Any CPU.Build.0 = Release|Any CPU
	EndGlobalSection
EndGlobal
